// !$*UTF8*$!
{
	archiveVersion = 1;
	classes = {
	};
	objectVersion = 46;
	objects = {

/* Begin PBXBuildFile section */
		8CD5EEDF1B23B786009E6B21 /* AppDelegate.swift in Sources */ = {isa = PBXBuildFile; fileRef = 8CD5EEDE1B23B786009E6B21 /* AppDelegate.swift */; };
		8CD5EEE11B23B786009E6B21 /* ViewController.swift in Sources */ = {isa = PBXBuildFile; fileRef = 8CD5EEE01B23B786009E6B21 /* ViewController.swift */; };
		8CD5EEE41B23B786009E6B21 /* Main.storyboard in Resources */ = {isa = PBXBuildFile; fileRef = 8CD5EEE21B23B786009E6B21 /* Main.storyboard */; };
		8CD5EEE61B23B786009E6B21 /* Images.xcassets in Resources */ = {isa = PBXBuildFile; fileRef = 8CD5EEE51B23B786009E6B21 /* Images.xcassets */; };
		8CD5EEE91B23B786009E6B21 /* LaunchScreen.xib in Resources */ = {isa = PBXBuildFile; fileRef = 8CD5EEE71B23B786009E6B21 /* LaunchScreen.xib */; };
		8CD5EEF51B23B786009E6B21 /* PostcardTests.swift in Sources */ = {isa = PBXBuildFile; fileRef = 8CD5EEF41B23B786009E6B21 /* PostcardTests.swift */; };
/* End PBXBuildFile section */

/* Begin PBXContainerItemProxy section */
		8CD5EEEF1B23B786009E6B21 /* PBXContainerItemProxy */ = {
			isa = PBXContainerItemProxy;
			containerPortal = 8CD5EED11B23B786009E6B21 /* Project object */;
			proxyType = 1;
			remoteGlobalIDString = 8CD5EED81B23B786009E6B21;
			remoteInfo = Postcard;
		};
/* End PBXContainerItemProxy section */

/* Begin PBXFileReference section */
		8CD5EED91B23B786009E6B21 /* Postcard.app */ = {isa = PBXFileReference; explicitFileType = wrapper.application; includeInIndex = 0; path = Postcard.app; sourceTree = BUILT_PRODUCTS_DIR; };
		8CD5EEDD1B23B786009E6B21 /* Info.plist */ = {isa = PBXFileReference; lastKnownFileType = text.plist.xml; path = Info.plist; sourceTree = "<group>"; };
		8CD5EEDE1B23B786009E6B21 /* AppDelegate.swift */ = {isa = PBXFileReference; lastKnownFileType = sourcecode.swift; path = AppDelegate.swift; sourceTree = "<group>"; };
		8CD5EEE01B23B786009E6B21 /* ViewController.swift */ = {isa = PBXFileReference; lastKnownFileType = sourcecode.swift; path = ViewController.swift; sourceTree = "<group>"; };
		8CD5EEE31B23B786009E6B21 /* Base */ = {isa = PBXFileReference; lastKnownFileType = file.storyboard; name = Base; path = Base.lproj/Main.storyboard; sourceTree = "<group>"; };
		8CD5EEE51B23B786009E6B21 /* Images.xcassets */ = {isa = PBXFileReference; lastKnownFileType = folder.assetcatalog; path = Images.xcassets; sourceTree = "<group>"; };
		8CD5EEE81B23B786009E6B21 /* Base */ = {isa = PBXFileReference; lastKnownFileType = file.xib; name = Base; path = Base.lproj/LaunchScreen.xib; sourceTree = "<group>"; };
		8CD5EEEE1B23B786009E6B21 /* PostcardTests.xctest */ = {isa = PBXFileReference; explicitFileType = wrapper.cfbundle; includeInIndex = 0; path = PostcardTests.xctest; sourceTree = BUILT_PRODUCTS_DIR; };
		8CD5EEF31B23B786009E6B21 /* Info.plist */ = {isa = PBXFileReference; lastKnownFileType = text.plist.xml; path = Info.plist; sourceTree = "<group>"; };
		8CD5EEF41B23B786009E6B21 /* PostcardTests.swift */ = {isa = PBXFileReference; lastKnownFileType = sourcecode.swift; path = PostcardTests.swift; sourceTree = "<group>"; };
/* End PBXFileReference section */

/* Begin PBXFrameworksBuildPhase section */
		8CD5EED61B23B786009E6B21 /* Frameworks */ = {
			isa = PBXFrameworksBuildPhase;
			buildActionMask = 2147483647;
			files = (
			);
			runOnlyForDeploymentPostprocessing = 0;
		};
		8CD5EEEB1B23B786009E6B21 /* Frameworks */ = {
			isa = PBXFrameworksBuildPhase;
			buildActionMask = 2147483647;
			files = (
			);
			runOnlyForDeploymentPostprocessing = 0;
		};
/* End PBXFrameworksBuildPhase section */

/* Begin PBXGroup section */
		8CD5EED01B23B786009E6B21 = {
			isa = PBXGroup;
			children = (
				8CD5EEDB1B23B786009E6B21 /* Postcard */,
				8CD5EEF11B23B786009E6B21 /* PostcardTests */,
				8CD5EEDA1B23B786009E6B21 /* Products */,
			);
			sourceTree = "<group>";
		};
		8CD5EEDA1B23B786009E6B21 /* Products */ = {
			isa = PBXGroup;
			children = (
				8CD5EED91B23B786009E6B21 /* Postcard.app */,
				8CD5EEEE1B23B786009E6B21 /* PostcardTests.xctest */,
			);
			name = Products;
			sourceTree = "<group>";
		};
		8CD5EEDB1B23B786009E6B21 /* Postcard */ = {
			isa = PBXGroup;
			children = (
				8CD5EEDE1B23B786009E6B21 /* AppDelegate.swift */,
				8CD5EEE01B23B786009E6B21 /* ViewController.swift */,
				8CD5EEE21B23B786009E6B21 /* Main.storyboard */,
				8CD5EEE51B23B786009E6B21 /* Images.xcassets */,
				8CD5EEE71B23B786009E6B21 /* LaunchScreen.xib */,
				8CD5EEDC1B23B786009E6B21 /* Supporting Files */,
			);
			path = Postcard;
			sourceTree = "<group>";
		};
		8CD5EEDC1B23B786009E6B21 /* Supporting Files */ = {
			isa = PBXGroup;
			children = (
				8CD5EEDD1B23B786009E6B21 /* Info.plist */,
			);
			name = "Supporting Files";
			sourceTree = "<group>";
		};
		8CD5EEF11B23B786009E6B21 /* PostcardTests */ = {
			isa = PBXGroup;
			children = (
				8CD5EEF41B23B786009E6B21 /* PostcardTests.swift */,
				8CD5EEF21B23B786009E6B21 /* Supporting Files */,
			);
			path = PostcardTests;
			sourceTree = "<group>";
		};
		8CD5EEF21B23B786009E6B21 /* Supporting Files */ = {
			isa = PBXGroup;
			children = (
				8CD5EEF31B23B786009E6B21 /* Info.plist */,
			);
			name = "Supporting Files";
			sourceTree = "<group>";
		};
/* End PBXGroup section */

/* Begin PBXNativeTarget section */
		8CD5EED81B23B786009E6B21 /* Postcard */ = {
			isa = PBXNativeTarget;
			buildConfigurationList = 8CD5EEF81B23B786009E6B21 /* Build configuration list for PBXNativeTarget "Postcard" */;
			buildPhases = (
				8CD5EED51B23B786009E6B21 /* Sources */,
				8CD5EED61B23B786009E6B21 /* Frameworks */,
				8CD5EED71B23B786009E6B21 /* Resources */,
			);
			buildRules = (
			);
			dependencies = (
			);
			name = Postcard;
			productName = Postcard;
			productReference = 8CD5EED91B23B786009E6B21 /* Postcard.app */;
			productType = "com.apple.product-type.application";
		};
		8CD5EEED1B23B786009E6B21 /* PostcardTests */ = {
			isa = PBXNativeTarget;
			buildConfigurationList = 8CD5EEFB1B23B786009E6B21 /* Build configuration list for PBXNativeTarget "PostcardTests" */;
			buildPhases = (
				8CD5EEEA1B23B786009E6B21 /* Sources */,
				8CD5EEEB1B23B786009E6B21 /* Frameworks */,
				8CD5EEEC1B23B786009E6B21 /* Resources */,
			);
			buildRules = (
			);
			dependencies = (
				8CD5EEF01B23B786009E6B21 /* PBXTargetDependency */,
			);
			name = PostcardTests;
			productName = PostcardTests;
			productReference = 8CD5EEEE1B23B786009E6B21 /* PostcardTests.xctest */;
			productType = "com.apple.product-type.bundle.unit-test";
		};
/* End PBXNativeTarget section */

/* Begin PBXProject section */
		8CD5EED11B23B786009E6B21 /* Project object */ = {
			isa = PBXProject;
			attributes = {
				LastUpgradeCheck = 0630;
				ORGANIZATIONNAME = "Mindful Pacing";
				TargetAttributes = {
					8CD5EED81B23B786009E6B21 = {
						CreatedOnToolsVersion = 6.3.2;
					};
					8CD5EEED1B23B786009E6B21 = {
						CreatedOnToolsVersion = 6.3.2;
						TestTargetID = 8CD5EED81B23B786009E6B21;
					};
				};
			};
			buildConfigurationList = 8CD5EED41B23B786009E6B21 /* Build configuration list for PBXProject "Postcard" */;
			compatibilityVersion = "Xcode 3.2";
			developmentRegion = English;
			hasScannedForEncodings = 0;
			knownRegions = (
				en,
				Base,
			);
			mainGroup = 8CD5EED01B23B786009E6B21;
			productRefGroup = 8CD5EEDA1B23B786009E6B21 /* Products */;
			projectDirPath = "";
			projectRoot = "";
			targets = (
				8CD5EED81B23B786009E6B21 /* Postcard */,
				8CD5EEED1B23B786009E6B21 /* PostcardTests */,
			);
		};
/* End PBXProject section */

/* Begin PBXResourcesBuildPhase section */
		8CD5EED71B23B786009E6B21 /* Resources */ = {
			isa = PBXResourcesBuildPhase;
			buildActionMask = 2147483647;
			files = (
				8CD5EEE41B23B786009E6B21 /* Main.storyboard in Resources */,
				8CD5EEE91B23B786009E6B21 /* LaunchScreen.xib in Resources */,
				8CD5EEE61B23B786009E6B21 /* Images.xcassets in Resources */,
			);
			runOnlyForDeploymentPostprocessing = 0;
		};
		8CD5EEEC1B23B786009E6B21 /* Resources */ = {
			isa = PBXResourcesBuildPhase;
			buildActionMask = 2147483647;
			files = (
			);
			runOnlyForDeploymentPostprocessing = 0;
		};
/* End PBXResourcesBuildPhase section */

/* Begin PBXSourcesBuildPhase section */
		8CD5EED51B23B786009E6B21 /* Sources */ = {
			isa = PBXSourcesBuildPhase;
			buildActionMask = 2147483647;
			files = (
				8CD5EEE11B23B786009E6B21 /* ViewController.swift in Sources */,
				8CD5EEDF1B23B786009E6B21 /* AppDelegate.swift in Sources */,
			);
			runOnlyForDeploymentPostprocessing = 0;
		};
		8CD5EEEA1B23B786009E6B21 /* Sources */ = {
			isa = PBXSourcesBuildPhase;
			buildActionMask = 2147483647;
			files = (
				8CD5EEF51B23B786009E6B21 /* PostcardTests.swift in Sources */,
			);
			runOnlyForDeploymentPostprocessing = 0;
		};
/* End PBXSourcesBuildPhase section */

/* Begin PBXTargetDependency section */
		8CD5EEF01B23B786009E6B21 /* PBXTargetDependency */ = {
			isa = PBXTargetDependency;
			target = 8CD5EED81B23B786009E6B21 /* Postcard */;
			targetProxy = 8CD5EEEF1B23B786009E6B21 /* PBXContainerItemProxy */;
		};
/* End PBXTargetDependency section */

/* Begin PBXVariantGroup section */
		8CD5EEE21B23B786009E6B21 /* Main.storyboard */ = {
			isa = PBXVariantGroup;
			children = (
				8CD5EEE31B23B786009E6B21 /* Base */,
			);
			name = Main.storyboard;
			sourceTree = "<group>";
		};
		8CD5EEE71B23B786009E6B21 /* LaunchScreen.xib */ = {
			isa = PBXVariantGroup;
			children = (
				8CD5EEE81B23B786009E6B21 /* Base */,
			);
			name = LaunchScreen.xib;
			sourceTree = "<group>";
		};
/* End PBXVariantGroup section */

/* Begin XCBuildConfiguration section */
		8CD5EEF61B23B786009E6B21 /* Debug */ = {
			isa = XCBuildConfiguration;
			buildSettings = {
				ALWAYS_SEARCH_USER_PATHS = NO;
				CLANG_CXX_LANGUAGE_STANDARD = "gnu++0x";
				CLANG_CXX_LIBRARY = "libc++";
				CLANG_ENABLE_MODULES = YES;
				CLANG_ENABLE_OBJC_ARC = YES;
				CLANG_WARN_BOOL_CONVERSION = YES;
				CLANG_WARN_CONSTANT_CONVERSION = YES;
				CLANG_WARN_DIRECT_OBJC_ISA_USAGE = YES_ERROR;
				CLANG_WARN_EMPTY_BODY = YES;
				CLANG_WARN_ENUM_CONVERSION = YES;
				CLANG_WARN_INT_CONVERSION = YES;
				CLANG_WARN_OBJC_ROOT_CLASS = YES_ERROR;
				CLANG_WARN_UNREACHABLE_CODE = YES;
				CLANG_WARN__DUPLICATE_METHOD_MATCH = YES;
				"CODE_SIGN_IDENTITY[sdk=iphoneos*]" = "iPhone Developer";
				COPY_PHASE_STRIP = NO;
				DEBUG_INFORMATION_FORMAT = "dwarf-with-dsym";
				ENABLE_STRICT_OBJC_MSGSEND = YES;
				GCC_C_LANGUAGE_STANDARD = gnu99;
				GCC_DYNAMIC_NO_PIC = NO;
				GCC_NO_COMMON_BLOCKS = YES;
				GCC_OPTIMIZATION_LEVEL = 0;
				GCC_PREPROCESSOR_DEFINITIONS = (
					"DEBUG=1",
					"$(inherited)",
				);
				GCC_SYMBOLS_PRIVATE_EXTERN = NO;
				GCC_WARN_64_TO_32_BIT_CONVERSION = YES;
				GCC_WARN_ABOUT_RETURN_TYPE = YES_ERROR;
				GCC_WARN_UNDECLARED_SELECTOR = YES;
				GCC_WARN_UNINITIALIZED_AUTOS = YES_AGGRESSIVE;
				GCC_WARN_UNUSED_FUNCTION = YES;
				GCC_WARN_UNUSED_VARIABLE = YES;
				IPHONEOS_DEPLOYMENT_TARGET = 8.3;
				MTL_ENABLE_DEBUG_INFO = YES;
				ONLY_ACTIVE_ARCH = YES;
				SDKROOT = iphoneos;
				SWIFT_OPTIMIZATION_LEVEL = "-Onone";
				TARGETED_DEVICE_FAMILY = "1,2";
			};
			name = Debug;
		};
		8CD5EEF71B23B786009E6B21 /* Release */ = {
			isa = XCBuildConfiguration;
			buildSettings = {
				ALWAYS_SEARCH_USER_PATHS = NO;
				CLANG_CXX_LANGUAGE_STANDARD = "gnu++0x";
				CLANG_CXX_LIBRARY = "libc++";
				CLANG_ENABLE_MODULES = YES;
				CLANG_ENABLE_OBJC_ARC = YES;
				CLANG_WARN_BOOL_CONVERSION = YES;
				CLANG_WARN_CONSTANT_CONVERSION = YES;
				CLANG_WARN_DIRECT_OBJC_ISA_USAGE = YES_ERROR;
				CLANG_WARN_EMPTY_BODY = YES;
				CLANG_WARN_ENUM_CONVERSION = YES;
				CLANG_WARN_INT_CONVERSION = YES;
				CLANG_WARN_OBJC_ROOT_CLASS = YES_ERROR;
				CLANG_WARN_UNREACHABLE_CODE = YES;
				CLANG_WARN__DUPLICATE_METHOD_MATCH = YES;
				"CODE_SIGN_IDENTITY[sdk=iphoneos*]" = "iPhone Developer";
				COPY_PHASE_STRIP = NO;
				DEBUG_INFORMATION_FORMAT = "dwarf-with-dsym";
				ENABLE_NS_ASSERTIONS = NO;
				ENABLE_STRICT_OBJC_MSGSEND = YES;
				GCC_C_LANGUAGE_STANDARD = gnu99;
				GCC_NO_COMMON_BLOCKS = YES;
				GCC_WARN_64_TO_32_BIT_CONVERSION = YES;
				GCC_WARN_ABOUT_RETURN_TYPE = YES_ERROR;
				GCC_WARN_UNDECLARED_SELECTOR = YES;
				GCC_WARN_UNINITIALIZED_AUTOS = YES_AGGRESSIVE;
				GCC_WARN_UNUSED_FUNCTION = YES;
				GCC_WARN_UNUSED_VARIABLE = YES;
				IPHONEOS_DEPLOYMENT_TARGET = 8.3;
				MTL_ENABLE_DEBUG_INFO = NO;
				SDKROOT = iphoneos;
				TARGETED_DEVICE_FAMILY = "1,2";
				VALIDATE_PRODUCT = YES;
			};
			name = Release;
		};
		8CD5EEF91B23B786009E6B21 /* Debug */ = {
			isa = XCBuildConfiguration;
			buildSettings = {
				ASSETCATALOG_COMPILER_APPICON_NAME = AppIcon;
				INFOPLIST_FILE = Postcard/Info.plist;
				LD_RUNPATH_SEARCH_PATHS = "$(inherited) @executable_path/Frameworks";
				PRODUCT_NAME = "$(TARGET_NAME)";
			};
			name = Debug;
		};
		8CD5EEFA1B23B786009E6B21 /* Release */ = {
			isa = XCBuildConfiguration;
			buildSettings = {
				ASSETCATALOG_COMPILER_APPICON_NAME = AppIcon;
				INFOPLIST_FILE = Postcard/Info.plist;
				LD_RUNPATH_SEARCH_PATHS = "$(inherited) @executable_path/Frameworks";
				PRODUCT_NAME = "$(TARGET_NAME)";
			};
			name = Release;
		};
		8CD5EEFC1B23B786009E6B21 /* Debug */ = {
			isa = XCBuildConfiguration;
			buildSettings = {
				BUNDLE_LOADER = "$(TEST_HOST)";
				FRAMEWORK_SEARCH_PATHS = (
					"$(SDKROOT)/Developer/Library/Frameworks",
					"$(inherited)",
				);
				GCC_PREPROCESSOR_DEFINITIONS = (
					"DEBUG=1",
					"$(inherited)",
				);
				INFOPLIST_FILE = PostcardTests/Info.plist;
				LD_RUNPATH_SEARCH_PATHS = "$(inherited) @executable_path/Frameworks @loader_path/Frameworks";
				PRODUCT_NAME = "$(TARGET_NAME)";
				TEST_HOST = "$(BUILT_PRODUCTS_DIR)/Postcard.app/Postcard";
			};
			name = Debug;
		};
		8CD5EEFD1B23B786009E6B21 /* Release */ = {
			isa = XCBuildConfiguration;
			buildSettings = {
				BUNDLE_LOADER = "$(TEST_HOST)";
				FRAMEWORK_SEARCH_PATHS = (
					"$(SDKROOT)/Developer/Library/Frameworks",
					"$(inherited)",
				);
				INFOPLIST_FILE = PostcardTests/Info.plist;
				LD_RUNPATH_SEARCH_PATHS = "$(inherited) @executable_path/Frameworks @loader_path/Frameworks";
				PRODUCT_NAME = "$(TARGET_NAME)";
				TEST_HOST = "$(BUILT_PRODUCTS_DIR)/Postcard.app/Postcard";
			};
			name = Release;
		};
/* End XCBuildConfiguration section */

/* Begin XCConfigurationList section */
		8CD5EED41B23B786009E6B21 /* Build configuration list for PBXProject "Postcard" */ = {
			isa = XCConfigurationList;
			buildConfigurations = (
				8CD5EEF61B23B786009E6B21 /* Debug */,
				8CD5EEF71B23B786009E6B21 /* Release */,
			);
			defaultConfigurationIsVisible = 0;
			defaultConfigurationName = Release;
		};
		8CD5EEF81B23B786009E6B21 /* Build configuration list for PBXNativeTarget "Postcard" */ = {
			isa = XCConfigurationList;
			buildConfigurations = (
				8CD5EEF91B23B786009E6B21 /* Debug */,
				8CD5EEFA1B23B786009E6B21 /* Release */,
			);
			defaultConfigurationIsVisible = 0;
		};
		8CD5EEFB1B23B786009E6B21 /* Build configuration list for PBXNativeTarget "PostcardTests" */ = {
			isa = XCConfigurationList;
			buildConfigurations = (
				8CD5EEFC1B23B786009E6B21 /* Debug */,
				8CD5EEFD1B23B786009E6B21 /* Release */,
			);
			defaultConfigurationIsVisible = 0;
		};
/* End XCConfigurationList section */
	};
	rootObject = 8CD5EED11B23B786009E6B21 /* Project object */;
}
